
Microsoft Visual Studio Solution File, Format Version 12.00
# Visual Studio Version 16
VisualStudioVersion = 16.0.30517.126
MinimumVisualStudioVersion = 10.0.40219.1
Project("{FAE04EC0-301F-11D3-BF4B-00C04F79EFBC}") = "API Test File.Android", "API Test File.Android\API Test File.Android.csproj", "{2D5BE92C-C7AF-4692-98B9-1E4E148D2430}"
EndProject
Project("{FAE04EC0-301F-11D3-BF4B-00C04F79EFBC}") = "API Test File", "API Test File\API Test File.csproj", "{D1674AB9-086A-46E6-9B1F-7A69DB65613E}"
EndProject
Global
	GlobalSection(SolutionConfigurationPlatforms) = preSolution
		Debug|Any CPU = Debug|Any CPU
		Release|Any CPU = Release|Any CPU
	EndGlobalSection
	GlobalSection(ProjectConfigurationPlatforms) = postSolution
		{2D5BE92C-C7AF-4692-98B9-1E4E148D2430}.Debug|Any CPU.ActiveCfg = Debug|Any CPU
		{2D5BE92C-C7AF-4692-98B9-1E4E148D2430}.Debug|Any CPU.Build.0 = Debug|Any CPU
		{2D5BE92C-C7AF-4692-98B9-1E4E148D2430}.Debug|Any CPU.Deploy.0 = Debug|Any CPU
		{2D5BE92C-C7AF-4692-98B9-1E4E148D2430}.Release|Any CPU.ActiveCfg = Release|Any CPU
		{2D5BE92C-C7AF-4692-98B9-1E4E148D2430}.Release|Any CPU.Build.0 = Release|Any CPU
		{2D5BE92C-C7AF-4692-98B9-1E4E148D2430}.Release|Any CPU.Deploy.0 = Release|Any CPU
		{D1674AB9-086A-46E6-9B1F-7A69DB65613E}.Debug|Any CPU.ActiveCfg = Debug|Any CPU
		{D1674AB9-086A-46E6-9B1F-7A69DB65613E}.Debug|Any CPU.Build.0 = Debug|Any CPU
		{D1674AB9-086A-46E6-9B1F-7A69DB65613E}.Debug|Any CPU.Deploy.0 = Debug|Any CPU
		{D1674AB9-086A-46E6-9B1F-7A69DB65613E}.Release|Any CPU.ActiveCfg = Release|Any CPU
		{D1674AB9-086A-46E6-9B1F-7A69DB65613E}.Release|Any CPU.Build.0 = Release|Any CPU
		{D1674AB9-086A-46E6-9B1F-7A69DB65613E}.Release|Any CPU.Deploy.0 = Release|Any CPU
	EndGlobalSection
	GlobalSection(SolutionProperties) = preSolution
		HideSolutionNode = FALSE
	EndGlobalSection
	GlobalSection(ExtensibilityGlobals) = postSolution
		SolutionGuid = {F337B007-A5B7-4B0C-B510-78DC1141BC95}
	EndGlobalSection
EndGlobal
